
Microsoft Visual Studio Solution File, Format Version 12.00
# Visual Studio Version 17
VisualStudioVersion = 17.8.34408.163
MinimumVisualStudioVersion = 10.0.40219.1
Project("{2150E333-8FDC-42A3-9474-1A3956D46DE8}") = "Core", "Core", "{BFBA4B21-82C4-4411-8D28-8823F57F2780}"
EndProject
Project("{2150E333-8FDC-42A3-9474-1A3956D46DE8}") = "Infastructure", "Infastructure", "{B1A49647-A333-4B4F-AFCA-C3DEF8B7C798}"
EndProject
Project("{2150E333-8FDC-42A3-9474-1A3956D46DE8}") = "Presentation", "Presentation", "{EC169DD6-8BF9-4477-A5E1-17705A2FCA3C}"
EndProject
Project("{9A19103F-16F7-4668-BE54-9A1E7A4F7556}") = "VSOP.Application", "VSOP.Application\VSOP.Application.csproj", "{AFE6A06D-235D-4861-8E3D-67C5BE7D6391}"
	ProjectSection(ProjectDependencies) = postProject
		{4A9ADD9A-4EC2-4651-B16E-3F46FC07165A} = {4A9ADD9A-4EC2-4651-B16E-3F46FC07165A}
	EndProjectSection
EndProject
Project("{9A19103F-16F7-4668-BE54-9A1E7A4F7556}") = "VSOP.Persistence", "VSOP.Persistence\VSOP.Persistence.csproj", "{14AD24EE-C739-43AA-AA0D-9A3F815E9C6E}"
EndProject
Project("{9A19103F-16F7-4668-BE54-9A1E7A4F7556}") = "VSOP.WebApp", "VSOP.WebApp\VSOP.WebApp\VSOP.WebApp.csproj", "{CF5C7445-5CBE-4120-8BFE-7C9C151D0029}"
EndProject
Project("{9A19103F-16F7-4668-BE54-9A1E7A4F7556}") = "VSOP.WebApp.Client", "VSOP.WebApp\VSOP.WebApp.Client\VSOP.WebApp.Client.csproj", "{6C9E427B-C5AE-4D5E-9822-ADEF39AE364A}"
EndProject
Project("{9A19103F-16F7-4668-BE54-9A1E7A4F7556}") = "VSOP.Domain", "VSOP.Domain\VSOP.Domain.csproj", "{4A9ADD9A-4EC2-4651-B16E-3F46FC07165A}"
EndProject
Project("{FAE04EC0-301F-11D3-BF4B-00C04F79EFBC}") = "VSOP.Contracts", "VSOP.Contracts\VSOP.Contracts.csproj", "{1F3EDCEC-47DD-4515-ABED-6C398233FBEF}"
EndProject
Global
	GlobalSection(SolutionConfigurationPlatforms) = preSolution
		Debug|Any CPU = Debug|Any CPU
		Release|Any CPU = Release|Any CPU
	EndGlobalSection
	GlobalSection(ProjectConfigurationPlatforms) = postSolution
		{AFE6A06D-235D-4861-8E3D-67C5BE7D6391}.Debug|Any CPU.ActiveCfg = Debug|Any CPU
		{AFE6A06D-235D-4861-8E3D-67C5BE7D6391}.Debug|Any CPU.Build.0 = Debug|Any CPU
		{AFE6A06D-235D-4861-8E3D-67C5BE7D6391}.Release|Any CPU.ActiveCfg = Release|Any CPU
		{AFE6A06D-235D-4861-8E3D-67C5BE7D6391}.Release|Any CPU.Build.0 = Release|Any CPU
		{14AD24EE-C739-43AA-AA0D-9A3F815E9C6E}.Debug|Any CPU.ActiveCfg = Debug|Any CPU
		{14AD24EE-C739-43AA-AA0D-9A3F815E9C6E}.Debug|Any CPU.Build.0 = Debug|Any CPU
		{14AD24EE-C739-43AA-AA0D-9A3F815E9C6E}.Release|Any CPU.ActiveCfg = Release|Any CPU
		{14AD24EE-C739-43AA-AA0D-9A3F815E9C6E}.Release|Any CPU.Build.0 = Release|Any CPU
		{CF5C7445-5CBE-4120-8BFE-7C9C151D0029}.Debug|Any CPU.ActiveCfg = Debug|Any CPU
		{CF5C7445-5CBE-4120-8BFE-7C9C151D0029}.Debug|Any CPU.Build.0 = Debug|Any CPU
		{CF5C7445-5CBE-4120-8BFE-7C9C151D0029}.Release|Any CPU.ActiveCfg = Release|Any CPU
		{CF5C7445-5CBE-4120-8BFE-7C9C151D0029}.Release|Any CPU.Build.0 = Release|Any CPU
		{6C9E427B-C5AE-4D5E-9822-ADEF39AE364A}.Debug|Any CPU.ActiveCfg = Debug|Any CPU
		{6C9E427B-C5AE-4D5E-9822-ADEF39AE364A}.Debug|Any CPU.Build.0 = Debug|Any CPU
		{6C9E427B-C5AE-4D5E-9822-ADEF39AE364A}.Release|Any CPU.ActiveCfg = Release|Any CPU
		{6C9E427B-C5AE-4D5E-9822-ADEF39AE364A}.Release|Any CPU.Build.0 = Release|Any CPU
		{4A9ADD9A-4EC2-4651-B16E-3F46FC07165A}.Debug|Any CPU.ActiveCfg = Debug|Any CPU
		{4A9ADD9A-4EC2-4651-B16E-3F46FC07165A}.Debug|Any CPU.Build.0 = Debug|Any CPU
		{4A9ADD9A-4EC2-4651-B16E-3F46FC07165A}.Release|Any CPU.ActiveCfg = Release|Any CPU
		{4A9ADD9A-4EC2-4651-B16E-3F46FC07165A}.Release|Any CPU.Build.0 = Release|Any CPU
		{1F3EDCEC-47DD-4515-ABED-6C398233FBEF}.Debug|Any CPU.ActiveCfg = Debug|Any CPU
		{1F3EDCEC-47DD-4515-ABED-6C398233FBEF}.Debug|Any CPU.Build.0 = Debug|Any CPU
		{1F3EDCEC-47DD-4515-ABED-6C398233FBEF}.Release|Any CPU.ActiveCfg = Release|Any CPU
		{1F3EDCEC-47DD-4515-ABED-6C398233FBEF}.Release|Any CPU.Build.0 = Release|Any CPU
	EndGlobalSection
	GlobalSection(SolutionProperties) = preSolution
		HideSolutionNode = FALSE
	EndGlobalSection
	GlobalSection(NestedProjects) = preSolution
		{AFE6A06D-235D-4861-8E3D-67C5BE7D6391} = {BFBA4B21-82C4-4411-8D28-8823F57F2780}
		{14AD24EE-C739-43AA-AA0D-9A3F815E9C6E} = {B1A49647-A333-4B4F-AFCA-C3DEF8B7C798}
		{CF5C7445-5CBE-4120-8BFE-7C9C151D0029} = {EC169DD6-8BF9-4477-A5E1-17705A2FCA3C}
		{6C9E427B-C5AE-4D5E-9822-ADEF39AE364A} = {EC169DD6-8BF9-4477-A5E1-17705A2FCA3C}
		{4A9ADD9A-4EC2-4651-B16E-3F46FC07165A} = {BFBA4B21-82C4-4411-8D28-8823F57F2780}
		{1F3EDCEC-47DD-4515-ABED-6C398233FBEF} = {BFBA4B21-82C4-4411-8D28-8823F57F2780}
	EndGlobalSection
	GlobalSection(ExtensibilityGlobals) = postSolution
		SolutionGuid = {529F0549-5521-4FB5-92AF-2DE5225798BD}
	EndGlobalSection
EndGlobal
